// !$*UTF8*$!
{
	archiveVersion = 1;
	classes = {
	};
	objectVersion = 46;
	objects = {

/* Begin PBXBuildFile section */
		62222D851DDA5BCE001C6C58 /* t2fs.c in Sources */ = {isa = PBXBuildFile; fileRef = 62222D841DDA5BCE001C6C58 /* t2fs.c */; };
		62222D881DDA5F56001C6C58 /* paths.c in Sources */ = {isa = PBXBuildFile; fileRef = 62222D861DDA5F56001C6C58 /* paths.c */; };
		62959EBD1DDA56A700A7F32C /* main.c in Sources */ = {isa = PBXBuildFile; fileRef = 62959EBC1DDA56A700A7F32C /* main.c */; };
		62959ECE1DDA56BB00A7F32C /* apidisk.o in Frameworks */ = {isa = PBXBuildFile; fileRef = 62959EC91DDA56BB00A7F32C /* apidisk.o */; };
		62959ECF1DDA56BB00A7F32C /* bitmap2.o in Frameworks */ = {isa = PBXBuildFile; fileRef = 62959ECA1DDA56BB00A7F32C /* bitmap2.o */; };
		62959ED01DDA56BB00A7F32C /* Makefile in Sources */ = {isa = PBXBuildFile; fileRef = 62959ECB1DDA56BB00A7F32C /* Makefile */; };
/* End PBXBuildFile section */

/* Begin PBXCopyFilesBuildPhase section */
		62959EB71DDA56A700A7F32C /* CopyFiles */ = {
			isa = PBXCopyFilesBuildPhase;
			buildActionMask = 2147483647;
			dstPath = /usr/share/man/man1/;
			dstSubfolderSpec = 0;
			files = (
			);
			runOnlyForDeploymentPostprocessing = 1;
		};
/* End PBXCopyFilesBuildPhase section */

/* Begin PBXFileReference section */
		62222D841DDA5BCE001C6C58 /* t2fs.c */ = {isa = PBXFileReference; fileEncoding = 4; lastKnownFileType = sourcecode.c.c; path = t2fs.c; sourceTree = "<group>"; };
		62222D861DDA5F56001C6C58 /* paths.c */ = {isa = PBXFileReference; fileEncoding = 4; lastKnownFileType = sourcecode.c.c; path = paths.c; sourceTree = "<group>"; };
		62222D871DDA5F56001C6C58 /* paths.h */ = {isa = PBXFileReference; fileEncoding = 4; lastKnownFileType = sourcecode.c.h; path = paths.h; sourceTree = "<group>"; };
		62959EB91DDA56A700A7F32C /* t2fs */ = {isa = PBXFileReference; explicitFileType = "compiled.mach-o.executable"; includeInIndex = 0; path = t2fs; sourceTree = BUILT_PRODUCTS_DIR; };
		62959EBC1DDA56A700A7F32C /* main.c */ = {isa = PBXFileReference; lastKnownFileType = sourcecode.c.c; path = main.c; sourceTree = "<group>"; };
		62959EC51DDA56BB00A7F32C /* apidisk.h */ = {isa = PBXFileReference; fileEncoding = 4; lastKnownFileType = sourcecode.c.h; path = apidisk.h; sourceTree = "<group>"; };
		62959EC61DDA56BB00A7F32C /* bitmap2.h */ = {isa = PBXFileReference; fileEncoding = 4; lastKnownFileType = sourcecode.c.h; path = bitmap2.h; sourceTree = "<group>"; };
		62959EC71DDA56BB00A7F32C /* t2fs.h */ = {isa = PBXFileReference; fileEncoding = 4; lastKnownFileType = sourcecode.c.h; path = t2fs.h; sourceTree = "<group>"; };
		62959EC91DDA56BB00A7F32C /* apidisk.o */ = {isa = PBXFileReference; lastKnownFileType = "compiled.mach-o.objfile"; path = apidisk.o; sourceTree = "<group>"; };
		62959ECA1DDA56BB00A7F32C /* bitmap2.o */ = {isa = PBXFileReference; lastKnownFileType = "compiled.mach-o.objfile"; path = bitmap2.o; sourceTree = "<group>"; };
		62959ECB1DDA56BB00A7F32C /* Makefile */ = {isa = PBXFileReference; fileEncoding = 4; lastKnownFileType = sourcecode.make; path = Makefile; sourceTree = "<group>"; };
/* End PBXFileReference section */

/* Begin PBXFrameworksBuildPhase section */
		62959EB61DDA56A700A7F32C /* Frameworks */ = {
			isa = PBXFrameworksBuildPhase;
			buildActionMask = 2147483647;
			files = (
				62959ECE1DDA56BB00A7F32C /* apidisk.o in Frameworks */,
				62959ECF1DDA56BB00A7F32C /* bitmap2.o in Frameworks */,
			);
			runOnlyForDeploymentPostprocessing = 0;
		};
/* End PBXFrameworksBuildPhase section */

/* Begin PBXGroup section */
		62959EB01DDA56A700A7F32C = {
			isa = PBXGroup;
			children = (
				62959EBA1DDA56A700A7F32C /* Products */,
				62959EBB1DDA56A700A7F32C /* t2fs */,
			);
			sourceTree = "<group>";
		};
		62959EBA1DDA56A700A7F32C /* Products */ = {
			isa = PBXGroup;
			children = (
				62959EB91DDA56A700A7F32C /* t2fs */,
			);
			name = Products;
			sourceTree = "<group>";
		};
		62959EBB1DDA56A700A7F32C /* t2fs */ = {
			isa = PBXGroup;
			children = (
				62959EC31DDA56BB00A7F32C /* bin */,
				62959EC41DDA56BB00A7F32C /* include */,
				62959EC81DDA56BB00A7F32C /* lib */,
				62959ECC1DDA56BB00A7F32C /* src */,
				62959ECD1DDA56BB00A7F32C /* teste */,
				62959ECB1DDA56BB00A7F32C /* Makefile */,
				62959EBC1DDA56A700A7F32C /* main.c */,
			);
			path = t2fs;
			sourceTree = "<group>";
		};
		62959EC31DDA56BB00A7F32C /* bin */ = {
			isa = PBXGroup;
			children = (
			);
			path = bin;
			sourceTree = "<group>";
		};
		62959EC41DDA56BB00A7F32C /* include */ = {
			isa = PBXGroup;
			children = (
				62959EC51DDA56BB00A7F32C /* apidisk.h */,
				62959EC61DDA56BB00A7F32C /* bitmap2.h */,
				62222D871DDA5F56001C6C58 /* paths.h */,
				62959EC71DDA56BB00A7F32C /* t2fs.h */,
			);
			path = include;
			sourceTree = "<group>";
		};
		62959EC81DDA56BB00A7F32C /* lib */ = {
			isa = PBXGroup;
			children = (
				62959EC91DDA56BB00A7F32C /* apidisk.o */,
				62959ECA1DDA56BB00A7F32C /* bitmap2.o */,
			);
			path = lib;
			sourceTree = "<group>";
		};
		62959ECC1DDA56BB00A7F32C /* src */ = {
			isa = PBXGroup;
			children = (
				62222D861DDA5F56001C6C58 /* paths.c */,
				62222D841DDA5BCE001C6C58 /* t2fs.c */,
			);
			path = src;
			sourceTree = "<group>";
		};
		62959ECD1DDA56BB00A7F32C /* teste */ = {
			isa = PBXGroup;
			children = (
			);
			path = teste;
			sourceTree = "<group>";
		};
/* End PBXGroup section */

/* Begin PBXNativeTarget section */
		62959EB81DDA56A700A7F32C /* t2fs */ = {
			isa = PBXNativeTarget;
			buildConfigurationList = 62959EC01DDA56A700A7F32C /* Build configuration list for PBXNativeTarget "t2fs" */;
			buildPhases = (
				62959EB51DDA56A700A7F32C /* Sources */,
				62959EB61DDA56A700A7F32C /* Frameworks */,
				62959EB71DDA56A700A7F32C /* CopyFiles */,
			);
			buildRules = (
			);
			dependencies = (
			);
			name = t2fs;
			productName = t2fs;
			productReference = 62959EB91DDA56A700A7F32C /* t2fs */;
			productType = "com.apple.product-type.tool";
		};
/* End PBXNativeTarget section */

/* Begin PBXProject section */
		62959EB11DDA56A700A7F32C /* Project object */ = {
			isa = PBXProject;
			attributes = {
				LastUpgradeCheck = 0810;
				ORGANIZATIONNAME = SISOP;
				TargetAttributes = {
					62959EB81DDA56A700A7F32C = {
						CreatedOnToolsVersion = 8.1;
						DevelopmentTeam = 8WCPHDZJPJ;
						ProvisioningStyle = Automatic;
					};
				};
			};
			buildConfigurationList = 62959EB41DDA56A700A7F32C /* Build configuration list for PBXProject "t2fs" */;
			compatibilityVersion = "Xcode 3.2";
			developmentRegion = English;
			hasScannedForEncodings = 0;
			knownRegions = (
				en,
			);
			mainGroup = 62959EB01DDA56A700A7F32C;
			productRefGroup = 62959EBA1DDA56A700A7F32C /* Products */;
			projectDirPath = "";
			projectRoot = "";
			targets = (
				62959EB81DDA56A700A7F32C /* t2fs */,
			);
		};
/* End PBXProject section */

/* Begin PBXSourcesBuildPhase section */
		62959EB51DDA56A700A7F32C /* Sources */ = {
			isa = PBXSourcesBuildPhase;
			buildActionMask = 2147483647;
			files = (
				62222D881DDA5F56001C6C58 /* paths.c in Sources */,
				62222D851DDA5BCE001C6C58 /* t2fs.c in Sources */,
				62959ED01DDA56BB00A7F32C /* Makefile in Sources */,
				62959EBD1DDA56A700A7F32C /* main.c in Sources */,
			);
			runOnlyForDeploymentPostprocessing = 0;
		};
/* End PBXSourcesBuildPhase section */

/* Begin XCBuildConfiguration section */
		62959EBE1DDA56A700A7F32C /* Debug */ = {
			isa = XCBuildConfiguration;
			buildSettings = {
				ALWAYS_SEARCH_USER_PATHS = NO;
				CLANG_ANALYZER_NONNULL = YES;
				CLANG_CXX_LANGUAGE_STANDARD = "gnu++0x";
				CLANG_CXX_LIBRARY = "libc++";
				CLANG_ENABLE_MODULES = YES;
				CLANG_ENABLE_OBJC_ARC = YES;
				CLANG_WARN_BOOL_CONVERSION = YES;
				CLANG_WARN_CONSTANT_CONVERSION = YES;
				CLANG_WARN_DIRECT_OBJC_ISA_USAGE = YES_ERROR;
				CLANG_WARN_DOCUMENTATION_COMMENTS = YES;
				CLANG_WARN_EMPTY_BODY = YES;
				CLANG_WARN_ENUM_CONVERSION = YES;
				CLANG_WARN_INFINITE_RECURSION = YES;
				CLANG_WARN_INT_CONVERSION = YES;
				CLANG_WARN_OBJC_ROOT_CLASS = YES_ERROR;
				CLANG_WARN_SUSPICIOUS_MOVES = YES;
				CLANG_WARN_UNREACHABLE_CODE = YES;
				CLANG_WARN__DUPLICATE_METHOD_MATCH = YES;
				CODE_SIGN_IDENTITY = "-";
				COPY_PHASE_STRIP = NO;
				DEBUG_INFORMATION_FORMAT = dwarf;
				ENABLE_STRICT_OBJC_MSGSEND = YES;
				ENABLE_TESTABILITY = YES;
				GCC_C_LANGUAGE_STANDARD = gnu99;
				GCC_DYNAMIC_NO_PIC = NO;
				GCC_NO_COMMON_BLOCKS = YES;
				GCC_OPTIMIZATION_LEVEL = 0;
				GCC_PREPROCESSOR_DEFINITIONS = (
					"DEBUG=1",
					"$(inherited)",
				);
				GCC_WARN_64_TO_32_BIT_CONVERSION = YES;
				GCC_WARN_ABOUT_RETURN_TYPE = YES_ERROR;
				GCC_WARN_UNDECLARED_SELECTOR = YES;
				GCC_WARN_UNINITIALIZED_AUTOS = YES_AGGRESSIVE;
				GCC_WARN_UNUSED_FUNCTION = YES;
				GCC_WARN_UNUSED_VARIABLE = YES;
				MACOSX_DEPLOYMENT_TARGET = 10.12;
				MTL_ENABLE_DEBUG_INFO = YES;
				ONLY_ACTIVE_ARCH = YES;
				SDKROOT = macosx;
			};
			name = Debug;
		};
		62959EBF1DDA56A700A7F32C /* Release */ = {
			isa = XCBuildConfiguration;
			buildSettings = {
				ALWAYS_SEARCH_USER_PATHS = NO;
				CLANG_ANALYZER_NONNULL = YES;
				CLANG_CXX_LANGUAGE_STANDARD = "gnu++0x";
				CLANG_CXX_LIBRARY = "libc++";
				CLANG_ENABLE_MODULES = YES;
				CLANG_ENABLE_OBJC_ARC = YES;
				CLANG_WARN_BOOL_CONVERSION = YES;
				CLANG_WARN_CONSTANT_CONVERSION = YES;
				CLANG_WARN_DIRECT_OBJC_ISA_USAGE = YES_ERROR;
				CLANG_WARN_DOCUMENTATION_COMMENTS = YES;
				CLANG_WARN_EMPTY_BODY = YES;
				CLANG_WARN_ENUM_CONVERSION = YES;
				CLANG_WARN_INFINITE_RECURSION = YES;
				CLANG_WARN_INT_CONVERSION = YES;
				CLANG_WARN_OBJC_ROOT_CLASS = YES_ERROR;
				CLANG_WARN_SUSPICIOUS_MOVES = YES;
				CLANG_WARN_UNREACHABLE_CODE = YES;
				CLANG_WARN__DUPLICATE_METHOD_MATCH = YES;
				CODE_SIGN_IDENTITY = "-";
				COPY_PHASE_STRIP = NO;
				DEBUG_INFORMATION_FORMAT = "dwarf-with-dsym";
				ENABLE_NS_ASSERTIONS = NO;
				ENABLE_STRICT_OBJC_MSGSEND = YES;
				GCC_C_LANGUAGE_STANDARD = gnu99;
				GCC_NO_COMMON_BLOCKS = YES;
				GCC_WARN_64_TO_32_BIT_CONVERSION = YES;
				GCC_WARN_ABOUT_RETURN_TYPE = YES_ERROR;
				GCC_WARN_UNDECLARED_SELECTOR = YES;
				GCC_WARN_UNINITIALIZED_AUTOS = YES_AGGRESSIVE;
				GCC_WARN_UNUSED_FUNCTION = YES;
				GCC_WARN_UNUSED_VARIABLE = YES;
				MACOSX_DEPLOYMENT_TARGET = 10.12;
				MTL_ENABLE_DEBUG_INFO = NO;
				SDKROOT = macosx;
			};
			name = Release;
		};
		62959EC11DDA56A700A7F32C /* Debug */ = {
			isa = XCBuildConfiguration;
			buildSettings = {
				DEVELOPMENT_TEAM = 8WCPHDZJPJ;
				PRODUCT_NAME = "$(TARGET_NAME)";
			};
			name = Debug;
		};
		62959EC21DDA56A700A7F32C /* Release */ = {
			isa = XCBuildConfiguration;
			buildSettings = {
				DEVELOPMENT_TEAM = 8WCPHDZJPJ;
				PRODUCT_NAME = "$(TARGET_NAME)";
			};
			name = Release;
		};
/* End XCBuildConfiguration section */

/* Begin XCConfigurationList section */
		62959EB41DDA56A700A7F32C /* Build configuration list for PBXProject "t2fs" */ = {
			isa = XCConfigurationList;
			buildConfigurations = (
				62959EBE1DDA56A700A7F32C /* Debug */,
				62959EBF1DDA56A700A7F32C /* Release */,
			);
			defaultConfigurationIsVisible = 0;
			defaultConfigurationName = Release;
		};
		62959EC01DDA56A700A7F32C /* Build configuration list for PBXNativeTarget "t2fs" */ = {
			isa = XCConfigurationList;
			buildConfigurations = (
				62959EC11DDA56A700A7F32C /* Debug */,
				62959EC21DDA56A700A7F32C /* Release */,
			);
			defaultConfigurationIsVisible = 0;
			defaultConfigurationName = Release;
		};
/* End XCConfigurationList section */
	};
	rootObject = 62959EB11DDA56A700A7F32C /* Project object */;
}
